
Microsoft Visual Studio Solution File, Format Version 12.00
# Visual Studio Version 17
VisualStudioVersion = 17.8.34525.116
MinimumVisualStudioVersion = 10.0.40219.1
Project("{FAE04EC0-301F-11D3-BF4B-00C04F79EFBC}") = "ShahramXamarin.Android", "ShahramXamarin\ShahramXamarin.Android\ShahramXamarin.Android.csproj", "{4D6F582B-FABA-4A98-B766-D6ABE8B15877}"
EndProject
Project("{FAE04EC0-301F-11D3-BF4B-00C04F79EFBC}") = "ShahramXamarin.iOS", "ShahramXamarin\ShahramXamarin.iOS\ShahramXamarin.iOS.csproj", "{96283F3C-853A-426A-8114-6A7A79A7DDF7}"
EndProject
Project("{FAE04EC0-301F-11D3-BF4B-00C04F79EFBC}") = "ShahramXamarin", "ShahramXamarin\ShahramXamarin\ShahramXamarin.csproj", "{A80C85F1-3C72-4DB4-9A7E-BE29746091D8}"
EndProject
Global
	GlobalSection(SolutionConfigurationPlatforms) = preSolution
		Debug|Any CPU = Debug|Any CPU
		Debug|iPhone = Debug|iPhone
		Debug|iPhoneSimulator = Debug|iPhoneSimulator
		Release|Any CPU = Release|Any CPU
		Release|iPhone = Release|iPhone
		Release|iPhoneSimulator = Release|iPhoneSimulator
	EndGlobalSection
	GlobalSection(ProjectConfigurationPlatforms) = postSolution
		{4D6F582B-FABA-4A98-B766-D6ABE8B15877}.Debug|Any CPU.ActiveCfg = Debug|Any CPU
		{4D6F582B-FABA-4A98-B766-D6ABE8B15877}.Debug|Any CPU.Build.0 = Debug|Any CPU
		{4D6F582B-FABA-4A98-B766-D6ABE8B15877}.Debug|Any CPU.Deploy.0 = Debug|Any CPU
		{4D6F582B-FABA-4A98-B766-D6ABE8B15877}.Debug|iPhone.ActiveCfg = Debug|Any CPU
		{4D6F582B-FABA-4A98-B766-D6ABE8B15877}.Debug|iPhone.Build.0 = Debug|Any CPU
		{4D6F582B-FABA-4A98-B766-D6ABE8B15877}.Debug|iPhone.Deploy.0 = Debug|Any CPU
		{4D6F582B-FABA-4A98-B766-D6ABE8B15877}.Debug|iPhoneSimulator.ActiveCfg = Debug|Any CPU
		{4D6F582B-FABA-4A98-B766-D6ABE8B15877}.Debug|iPhoneSimulator.Build.0 = Debug|Any CPU
		{4D6F582B-FABA-4A98-B766-D6ABE8B15877}.Debug|iPhoneSimulator.Deploy.0 = Debug|Any CPU
		{4D6F582B-FABA-4A98-B766-D6ABE8B15877}.Release|Any CPU.ActiveCfg = Release|Any CPU
		{4D6F582B-FABA-4A98-B766-D6ABE8B15877}.Release|Any CPU.Build.0 = Release|Any CPU
		{4D6F582B-FABA-4A98-B766-D6ABE8B15877}.Release|Any CPU.Deploy.0 = Release|Any CPU
		{4D6F582B-FABA-4A98-B766-D6ABE8B15877}.Release|iPhone.ActiveCfg = Release|Any CPU
		{4D6F582B-FABA-4A98-B766-D6ABE8B15877}.Release|iPhone.Build.0 = Release|Any CPU
		{4D6F582B-FABA-4A98-B766-D6ABE8B15877}.Release|iPhone.Deploy.0 = Release|Any CPU
		{4D6F582B-FABA-4A98-B766-D6ABE8B15877}.Release|iPhoneSimulator.ActiveCfg = Release|Any CPU
		{4D6F582B-FABA-4A98-B766-D6ABE8B15877}.Release|iPhoneSimulator.Build.0 = Release|Any CPU
		{4D6F582B-FABA-4A98-B766-D6ABE8B15877}.Release|iPhoneSimulator.Deploy.0 = Release|Any CPU
		{96283F3C-853A-426A-8114-6A7A79A7DDF7}.Debug|Any CPU.ActiveCfg = Debug|iPhone
		{96283F3C-853A-426A-8114-6A7A79A7DDF7}.Debug|Any CPU.Build.0 = Debug|iPhone
		{96283F3C-853A-426A-8114-6A7A79A7DDF7}.Debug|Any CPU.Deploy.0 = Debug|iPhone
		{96283F3C-853A-426A-8114-6A7A79A7DDF7}.Debug|iPhone.ActiveCfg = Debug|iPhone
		{96283F3C-853A-426A-8114-6A7A79A7DDF7}.Debug|iPhone.Build.0 = Debug|iPhone
		{96283F3C-853A-426A-8114-6A7A79A7DDF7}.Debug|iPhone.Deploy.0 = Debug|iPhone
		{96283F3C-853A-426A-8114-6A7A79A7DDF7}.Debug|iPhoneSimulator.ActiveCfg = Debug|iPhoneSimulator
		{96283F3C-853A-426A-8114-6A7A79A7DDF7}.Debug|iPhoneSimulator.Build.0 = Debug|iPhoneSimulator
		{96283F3C-853A-426A-8114-6A7A79A7DDF7}.Debug|iPhoneSimulator.Deploy.0 = Debug|iPhoneSimulator
		{96283F3C-853A-426A-8114-6A7A79A7DDF7}.Release|Any CPU.ActiveCfg = Release|iPhoneSimulator
		{96283F3C-853A-426A-8114-6A7A79A7DDF7}.Release|Any CPU.Build.0 = Release|iPhoneSimulator
		{96283F3C-853A-426A-8114-6A7A79A7DDF7}.Release|Any CPU.Deploy.0 = Release|iPhoneSimulator
		{96283F3C-853A-426A-8114-6A7A79A7DDF7}.Release|iPhone.ActiveCfg = Release|iPhone
		{96283F3C-853A-426A-8114-6A7A79A7DDF7}.Release|iPhone.Build.0 = Release|iPhone
		{96283F3C-853A-426A-8114-6A7A79A7DDF7}.Release|iPhone.Deploy.0 = Release|iPhone
		{96283F3C-853A-426A-8114-6A7A79A7DDF7}.Release|iPhoneSimulator.ActiveCfg = Release|iPhoneSimulator
		{96283F3C-853A-426A-8114-6A7A79A7DDF7}.Release|iPhoneSimulator.Build.0 = Release|iPhoneSimulator
		{96283F3C-853A-426A-8114-6A7A79A7DDF7}.Release|iPhoneSimulator.Deploy.0 = Release|iPhoneSimulator
		{A80C85F1-3C72-4DB4-9A7E-BE29746091D8}.Debug|Any CPU.ActiveCfg = Debug|Any CPU
		{A80C85F1-3C72-4DB4-9A7E-BE29746091D8}.Debug|Any CPU.Build.0 = Debug|Any CPU
		{A80C85F1-3C72-4DB4-9A7E-BE29746091D8}.Debug|Any CPU.Deploy.0 = Debug|Any CPU
		{A80C85F1-3C72-4DB4-9A7E-BE29746091D8}.Debug|iPhone.ActiveCfg = Debug|Any CPU
		{A80C85F1-3C72-4DB4-9A7E-BE29746091D8}.Debug|iPhone.Build.0 = Debug|Any CPU
		{A80C85F1-3C72-4DB4-9A7E-BE29746091D8}.Debug|iPhone.Deploy.0 = Debug|Any CPU
		{A80C85F1-3C72-4DB4-9A7E-BE29746091D8}.Debug|iPhoneSimulator.ActiveCfg = Debug|Any CPU
		{A80C85F1-3C72-4DB4-9A7E-BE29746091D8}.Debug|iPhoneSimulator.Build.0 = Debug|Any CPU
		{A80C85F1-3C72-4DB4-9A7E-BE29746091D8}.Debug|iPhoneSimulator.Deploy.0 = Debug|Any CPU
		{A80C85F1-3C72-4DB4-9A7E-BE29746091D8}.Release|Any CPU.ActiveCfg = Release|Any CPU
		{A80C85F1-3C72-4DB4-9A7E-BE29746091D8}.Release|Any CPU.Build.0 = Release|Any CPU
		{A80C85F1-3C72-4DB4-9A7E-BE29746091D8}.Release|Any CPU.Deploy.0 = Release|Any CPU
		{A80C85F1-3C72-4DB4-9A7E-BE29746091D8}.Release|iPhone.ActiveCfg = Release|Any CPU
		{A80C85F1-3C72-4DB4-9A7E-BE29746091D8}.Release|iPhone.Build.0 = Release|Any CPU
		{A80C85F1-3C72-4DB4-9A7E-BE29746091D8}.Release|iPhone.Deploy.0 = Release|Any CPU
		{A80C85F1-3C72-4DB4-9A7E-BE29746091D8}.Release|iPhoneSimulator.ActiveCfg = Release|Any CPU
		{A80C85F1-3C72-4DB4-9A7E-BE29746091D8}.Release|iPhoneSimulator.Build.0 = Release|Any CPU
		{A80C85F1-3C72-4DB4-9A7E-BE29746091D8}.Release|iPhoneSimulator.Deploy.0 = Release|Any CPU
	EndGlobalSection
	GlobalSection(SolutionProperties) = preSolution
		HideSolutionNode = FALSE
	EndGlobalSection
	GlobalSection(ExtensibilityGlobals) = postSolution
		SolutionGuid = {02CD292D-3C05-49CD-B37C-F9AEE6884F39}
	EndGlobalSection
EndGlobal
